// !$*UTF8*$!
{
	archiveVersion = 1;
	classes = {
	};
	objectVersion = 56;
	objects = {

/* Begin PBXBuildFile section */
		0307D6932C4CEF830096CEEF /* StarfishSpriteSheet.png in Resources */ = {isa = PBXBuildFile; fileRef = 0307D6922C4CEF830096CEEF /* StarfishSpriteSheet.png */; };
		0307D6962C4F2F700096CEEF /* BackgroundFishSpriteSheet.png in Resources */ = {isa = PBXBuildFile; fileRef = 0307D6952C4F2F700096CEEF /* BackgroundFishSpriteSheet.png */; };
		0307D6992C4F2FAD0096CEEF /* BackgroundEntity.c in Sources */ = {isa = PBXBuildFile; fileRef = 0307D6982C4F2FAD0096CEEF /* BackgroundEntity.c */; };
		032362C12C474BC100AD351B /* Assets.xcassets in Resources */ = {isa = PBXBuildFile; fileRef = 032362C02C474BC100AD351B /* Assets.xcassets */; };
		032362CF2C474BE800AD351B /* main.c in Sources */ = {isa = PBXBuildFile; fileRef = 032362CE2C474BE800AD351B /* main.c */; };
		032362E32C474CE800AD351B /* SDL2_mixer.framework in Frameworks */ = {isa = PBXBuildFile; fileRef = 032362DF2C474CE800AD351B /* SDL2_mixer.framework */; };
		032362E42C474CE800AD351B /* SDL2_mixer.framework in Embed Frameworks */ = {isa = PBXBuildFile; fileRef = 032362DF2C474CE800AD351B /* SDL2_mixer.framework */; settings = {ATTRIBUTES = (CodeSignOnCopy, RemoveHeadersOnCopy, ); }; };
		032362E52C474CE800AD351B /* SDL2_ttf.framework in Frameworks */ = {isa = PBXBuildFile; fileRef = 032362E02C474CE800AD351B /* SDL2_ttf.framework */; };
		032362E62C474CE800AD351B /* SDL2_ttf.framework in Embed Frameworks */ = {isa = PBXBuildFile; fileRef = 032362E02C474CE800AD351B /* SDL2_ttf.framework */; settings = {ATTRIBUTES = (CodeSignOnCopy, RemoveHeadersOnCopy, ); }; };
		032362E72C474CE800AD351B /* SDL2.framework in Frameworks */ = {isa = PBXBuildFile; fileRef = 032362E12C474CE800AD351B /* SDL2.framework */; };
		032362E82C474CE800AD351B /* SDL2.framework in Embed Frameworks */ = {isa = PBXBuildFile; fileRef = 032362E12C474CE800AD351B /* SDL2.framework */; settings = {ATTRIBUTES = (CodeSignOnCopy, RemoveHeadersOnCopy, ); }; };
		032362E92C474CE800AD351B /* SDL2_image.framework in Frameworks */ = {isa = PBXBuildFile; fileRef = 032362E22C474CE800AD351B /* SDL2_image.framework */; };
		032362EA2C474CE800AD351B /* SDL2_image.framework in Embed Frameworks */ = {isa = PBXBuildFile; fileRef = 032362E22C474CE800AD351B /* SDL2_image.framework */; settings = {ATTRIBUTES = (CodeSignOnCopy, RemoveHeadersOnCopy, ); }; };
		034C3B0D2C47981A00913D57 /* Texture.c in Sources */ = {isa = PBXBuildFile; fileRef = 034C3B0C2C47981A00913D57 /* Texture.c */; };
		034C3B112C47A51500913D57 /* Starfish.png in Resources */ = {isa = PBXBuildFile; fileRef = 034C3B102C47A51500913D57 /* Starfish.png */; };
		034C3B1A2C47A52A00913D57 /* scratch.wav in Resources */ = {isa = PBXBuildFile; fileRef = 034C3B122C47A52A00913D57 /* scratch.wav */; };
		034C3B1B2C47A52A00913D57 /* medium.wav in Resources */ = {isa = PBXBuildFile; fileRef = 034C3B132C47A52A00913D57 /* medium.wav */; };
		034C3B1C2C47A52A00913D57 /* beat.wav in Resources */ = {isa = PBXBuildFile; fileRef = 034C3B142C47A52A00913D57 /* beat.wav */; };
		034C3B1D2C47A52A00913D57 /* high.wav in Resources */ = {isa = PBXBuildFile; fileRef = 034C3B152C47A52A00913D57 /* high.wav */; };
		034C3B1E2C47A52A00913D57 /* game - music 1.wav in Resources */ = {isa = PBXBuildFile; fileRef = 034C3B162C47A52A00913D57 /* game - music 1.wav */; };
		034C3B1F2C47A52A00913D57 /* The Penguin God.wav in Resources */ = {isa = PBXBuildFile; fileRef = 034C3B172C47A52A00913D57 /* The Penguin God.wav */; };
		034C3B202C47A52A00913D57 /* game - music 2.wav in Resources */ = {isa = PBXBuildFile; fileRef = 034C3B182C47A52A00913D57 /* game - music 2.wav */; };
		034C3B212C47A52A00913D57 /* low.wav in Resources */ = {isa = PBXBuildFile; fileRef = 034C3B192C47A52A00913D57 /* low.wav */; };
		034C3B242C47A7B500913D57 /* Button.c in Sources */ = {isa = PBXBuildFile; fileRef = 034C3B232C47A7B500913D57 /* Button.c */; };
		034C3B262C47B40500913D57 /* ButtonBackground.png in Resources */ = {isa = PBXBuildFile; fileRef = 034C3B252C47B40500913D57 /* ButtonBackground.png */; };
		034C3B292C48494100913D57 /* Timer.c in Sources */ = {isa = PBXBuildFile; fileRef = 034C3B282C48494100913D57 /* Timer.c */; };
		034C3B2C2C486A3B00913D57 /* Entity.c in Sources */ = {isa = PBXBuildFile; fileRef = 034C3B2B2C486A3B00913D57 /* Entity.c */; };
		034C3B2F2C4AF74B00913D57 /* Camera.c in Sources */ = {isa = PBXBuildFile; fileRef = 034C3B2E2C4AF74B00913D57 /* Camera.c */; };
		034C3B332C4B1E8800913D57 /* RelicArt.png in Resources */ = {isa = PBXBuildFile; fileRef = 034C3B312C4B1E8800913D57 /* RelicArt.png */; };
		034C3B342C4B1E8800913D57 /* StarfishRightRoll.png in Resources */ = {isa = PBXBuildFile; fileRef = 034C3B322C4B1E8800913D57 /* StarfishRightRoll.png */; };
		03F0613B2C506C0000375EAF /* TileSpritesheet.png in Resources */ = {isa = PBXBuildFile; fileRef = 03F0613A2C506C0000375EAF /* TileSpritesheet.png */; };
		03F0613E2C50704700375EAF /* Tilemap.c in Sources */ = {isa = PBXBuildFile; fileRef = 03F0613D2C50704700375EAF /* Tilemap.c */; };
		03F061452C50F00C00375EAF /* File in Resources */ = {isa = PBXBuildFile; fileRef = 03F061442C50F00C00375EAF /* File */; };
		03F0614B2C50F13300375EAF /* map.txt in Resources */ = {isa = PBXBuildFile; fileRef = 03F0614A2C50F13200375EAF /* map.txt */; };
/* End PBXBuildFile section */

/* Begin PBXCopyFilesBuildPhase section */
		032362EB2C474CE800AD351B /* Embed Frameworks */ = {
			isa = PBXCopyFilesBuildPhase;
			buildActionMask = 2147483647;
			dstPath = "";
			dstSubfolderSpec = 10;
			files = (
				032362E82C474CE800AD351B /* SDL2.framework in Embed Frameworks */,
				032362E62C474CE800AD351B /* SDL2_ttf.framework in Embed Frameworks */,
				032362E42C474CE800AD351B /* SDL2_mixer.framework in Embed Frameworks */,
				032362EA2C474CE800AD351B /* SDL2_image.framework in Embed Frameworks */,
			);
			name = "Embed Frameworks";
			runOnlyForDeploymentPostprocessing = 0;
		};
/* End PBXCopyFilesBuildPhase section */

/* Begin PBXFileReference section */
		0307D6922C4CEF830096CEEF /* StarfishSpriteSheet.png */ = {isa = PBXFileReference; lastKnownFileType = image.png; path = StarfishSpriteSheet.png; sourceTree = "<group>"; };
		0307D6952C4F2F700096CEEF /* BackgroundFishSpriteSheet.png */ = {isa = PBXFileReference; lastKnownFileType = image.png; path = BackgroundFishSpriteSheet.png; sourceTree = "<group>"; };
		0307D6972C4F2FAD0096CEEF /* BackgroundEntity.h */ = {isa = PBXFileReference; lastKnownFileType = sourcecode.c.h; path = BackgroundEntity.h; sourceTree = "<group>"; };
		0307D6982C4F2FAD0096CEEF /* BackgroundEntity.c */ = {isa = PBXFileReference; lastKnownFileType = sourcecode.c.c; path = BackgroundEntity.c; sourceTree = "<group>"; };
		032362BA2C474BC000AD351B /* CSDL.app */ = {isa = PBXFileReference; explicitFileType = wrapper.application; includeInIndex = 0; path = CSDL.app; sourceTree = BUILT_PRODUCTS_DIR; };
		032362C02C474BC100AD351B /* Assets.xcassets */ = {isa = PBXFileReference; lastKnownFileType = folder.assetcatalog; path = Assets.xcassets; sourceTree = "<group>"; };
		032362C72C474BC100AD351B /* CSDL.entitlements */ = {isa = PBXFileReference; lastKnownFileType = text.plist.entitlements; path = CSDL.entitlements; sourceTree = "<group>"; };
		032362CE2C474BE800AD351B /* main.c */ = {isa = PBXFileReference; lastKnownFileType = sourcecode.c.c; path = main.c; sourceTree = "<group>"; };
		032362DF2C474CE800AD351B /* SDL2_mixer.framework */ = {isa = PBXFileReference; lastKnownFileType = wrapper.framework; path = SDL2_mixer.framework; sourceTree = "<group>"; };
		032362E02C474CE800AD351B /* SDL2_ttf.framework */ = {isa = PBXFileReference; lastKnownFileType = wrapper.framework; path = SDL2_ttf.framework; sourceTree = "<group>"; };
		032362E12C474CE800AD351B /* SDL2.framework */ = {isa = PBXFileReference; lastKnownFileType = wrapper.framework; path = SDL2.framework; sourceTree = "<group>"; };
		032362E22C474CE800AD351B /* SDL2_image.framework */ = {isa = PBXFileReference; lastKnownFileType = wrapper.framework; path = SDL2_image.framework; sourceTree = "<group>"; };
		034C3B0B2C47981A00913D57 /* Texture.h */ = {isa = PBXFileReference; lastKnownFileType = sourcecode.c.h; path = Texture.h; sourceTree = "<group>"; };
		034C3B0C2C47981A00913D57 /* Texture.c */ = {isa = PBXFileReference; lastKnownFileType = sourcecode.c.c; path = Texture.c; sourceTree = "<group>"; };
		034C3B102C47A51500913D57 /* Starfish.png */ = {isa = PBXFileReference; lastKnownFileType = image.png; path = Starfish.png; sourceTree = "<group>"; };
		034C3B122C47A52A00913D57 /* scratch.wav */ = {isa = PBXFileReference; lastKnownFileType = audio.wav; path = scratch.wav; sourceTree = "<group>"; };
		034C3B132C47A52A00913D57 /* medium.wav */ = {isa = PBXFileReference; lastKnownFileType = audio.wav; path = medium.wav; sourceTree = "<group>"; };
		034C3B142C47A52A00913D57 /* beat.wav */ = {isa = PBXFileReference; lastKnownFileType = audio.wav; path = beat.wav; sourceTree = "<group>"; };
		034C3B152C47A52A00913D57 /* high.wav */ = {isa = PBXFileReference; lastKnownFileType = audio.wav; path = high.wav; sourceTree = "<group>"; };
		034C3B162C47A52A00913D57 /* game - music 1.wav */ = {isa = PBXFileReference; lastKnownFileType = audio.wav; path = "game - music 1.wav"; sourceTree = "<group>"; };
		034C3B172C47A52A00913D57 /* The Penguin God.wav */ = {isa = PBXFileReference; lastKnownFileType = audio.wav; path = "The Penguin God.wav"; sourceTree = "<group>"; };
		034C3B182C47A52A00913D57 /* game - music 2.wav */ = {isa = PBXFileReference; lastKnownFileType = audio.wav; path = "game - music 2.wav"; sourceTree = "<group>"; };
		034C3B192C47A52A00913D57 /* low.wav */ = {isa = PBXFileReference; lastKnownFileType = audio.wav; path = low.wav; sourceTree = "<group>"; };
		034C3B222C47A7B500913D57 /* Button.h */ = {isa = PBXFileReference; lastKnownFileType = sourcecode.c.h; path = Button.h; sourceTree = "<group>"; };
		034C3B232C47A7B500913D57 /* Button.c */ = {isa = PBXFileReference; lastKnownFileType = sourcecode.c.c; path = Button.c; sourceTree = "<group>"; };
		034C3B252C47B40500913D57 /* ButtonBackground.png */ = {isa = PBXFileReference; lastKnownFileType = image.png; path = ButtonBackground.png; sourceTree = "<group>"; };
		034C3B272C48494100913D57 /* Timer.h */ = {isa = PBXFileReference; lastKnownFileType = sourcecode.c.h; path = Timer.h; sourceTree = "<group>"; };
		034C3B282C48494100913D57 /* Timer.c */ = {isa = PBXFileReference; lastKnownFileType = sourcecode.c.c; path = Timer.c; sourceTree = "<group>"; };
		034C3B2A2C486A3B00913D57 /* Entity.h */ = {isa = PBXFileReference; lastKnownFileType = sourcecode.c.h; path = Entity.h; sourceTree = "<group>"; };
		034C3B2B2C486A3B00913D57 /* Entity.c */ = {isa = PBXFileReference; lastKnownFileType = sourcecode.c.c; path = Entity.c; sourceTree = "<group>"; };
		034C3B2D2C4AF74B00913D57 /* Camera.h */ = {isa = PBXFileReference; lastKnownFileType = sourcecode.c.h; path = Camera.h; sourceTree = "<group>"; };
		034C3B2E2C4AF74B00913D57 /* Camera.c */ = {isa = PBXFileReference; lastKnownFileType = sourcecode.c.c; path = Camera.c; sourceTree = "<group>"; };
		034C3B302C4AF8DF00913D57 /* constants.h */ = {isa = PBXFileReference; lastKnownFileType = sourcecode.c.h; path = constants.h; sourceTree = "<group>"; };
		034C3B312C4B1E8800913D57 /* RelicArt.png */ = {isa = PBXFileReference; lastKnownFileType = image.png; path = RelicArt.png; sourceTree = "<group>"; };
		034C3B322C4B1E8800913D57 /* StarfishRightRoll.png */ = {isa = PBXFileReference; lastKnownFileType = image.png; path = StarfishRightRoll.png; sourceTree = "<group>"; };
		03F0613A2C506C0000375EAF /* TileSpritesheet.png */ = {isa = PBXFileReference; lastKnownFileType = image.png; path = TileSpritesheet.png; sourceTree = "<group>"; };
		03F0613C2C50704700375EAF /* Tilemap.h */ = {isa = PBXFileReference; lastKnownFileType = sourcecode.c.h; path = Tilemap.h; sourceTree = "<group>"; };
		03F0613D2C50704700375EAF /* Tilemap.c */ = {isa = PBXFileReference; lastKnownFileType = sourcecode.c.c; path = Tilemap.c; sourceTree = "<group>"; };
		03F061442C50F00C00375EAF /* File */ = {isa = PBXFileReference; lastKnownFileType = text; path = File; sourceTree = "<group>"; };
		03F0614A2C50F13200375EAF /* map.txt */ = {isa = PBXFileReference; fileEncoding = 4; lastKnownFileType = text; path = map.txt; sourceTree = "<group>"; };
/* End PBXFileReference section */

/* Begin PBXFrameworksBuildPhase section */
		032362B72C474BC000AD351B /* Frameworks */ = {
			isa = PBXFrameworksBuildPhase;
			buildActionMask = 2147483647;
			files = (
				032362E72C474CE800AD351B /* SDL2.framework in Frameworks */,
				032362E52C474CE800AD351B /* SDL2_ttf.framework in Frameworks */,
				032362E32C474CE800AD351B /* SDL2_mixer.framework in Frameworks */,
				032362E92C474CE800AD351B /* SDL2_image.framework in Frameworks */,
			);
			runOnlyForDeploymentPostprocessing = 0;
		};
/* End PBXFrameworksBuildPhase section */

/* Begin PBXGroup section */
		0307D6942C4DB8200096CEEF /* Engine */ = {
			isa = PBXGroup;
			children = (
				034C3B0B2C47981A00913D57 /* Texture.h */,
				034C3B0C2C47981A00913D57 /* Texture.c */,
				034C3B222C47A7B500913D57 /* Button.h */,
				034C3B232C47A7B500913D57 /* Button.c */,
				034C3B272C48494100913D57 /* Timer.h */,
				034C3B282C48494100913D57 /* Timer.c */,
				034C3B2A2C486A3B00913D57 /* Entity.h */,
				034C3B2B2C486A3B00913D57 /* Entity.c */,
				034C3B2D2C4AF74B00913D57 /* Camera.h */,
				034C3B2E2C4AF74B00913D57 /* Camera.c */,
				034C3B302C4AF8DF00913D57 /* constants.h */,
				0307D6972C4F2FAD0096CEEF /* BackgroundEntity.h */,
				0307D6982C4F2FAD0096CEEF /* BackgroundEntity.c */,
				03F0613C2C50704700375EAF /* Tilemap.h */,
				03F0613D2C50704700375EAF /* Tilemap.c */,
			);
			path = Engine;
			sourceTree = "<group>";
		};
		032362B12C474BC000AD351B = {
			isa = PBXGroup;
			children = (
				032362BC2C474BC000AD351B /* CSDL */,
				032362BB2C474BC000AD351B /* Products */,
				032362DE2C474CE800AD351B /* Frameworks */,
			);
			sourceTree = "<group>";
		};
		032362BB2C474BC000AD351B /* Products */ = {
			isa = PBXGroup;
			children = (
				032362BA2C474BC000AD351B /* CSDL.app */,
			);
			name = Products;
			sourceTree = "<group>";
		};
		032362BC2C474BC000AD351B /* CSDL */ = {
			isa = PBXGroup;
			children = (
				03F0614A2C50F13200375EAF /* map.txt */,
				03F061412C50EEFB00375EAF /* Other */,
				0307D6942C4DB8200096CEEF /* Engine */,
				034C3B0F2C479EA700913D57 /* Art */,
				034C3B0E2C479EA200913D57 /* Sounds */,
				032362CD2C474BD800AD351B /* Scripts */,
				032362C02C474BC100AD351B /* Assets.xcassets */,
				032362C72C474BC100AD351B /* CSDL.entitlements */,
				032362CE2C474BE800AD351B /* main.c */,
			);
			path = CSDL;
			sourceTree = "<group>";
		};
		032362CD2C474BD800AD351B /* Scripts */ = {
			isa = PBXGroup;
			children = (
			);
			path = Scripts;
			sourceTree = "<group>";
		};
		032362DE2C474CE800AD351B /* Frameworks */ = {
			isa = PBXGroup;
			children = (
				032362E22C474CE800AD351B /* SDL2_image.framework */,
				032362DF2C474CE800AD351B /* SDL2_mixer.framework */,
				032362E02C474CE800AD351B /* SDL2_ttf.framework */,
				032362E12C474CE800AD351B /* SDL2.framework */,
			);
			name = Frameworks;
			sourceTree = "<group>";
		};
		034C3B0E2C479EA200913D57 /* Sounds */ = {
			isa = PBXGroup;
			children = (
				034C3B142C47A52A00913D57 /* beat.wav */,
				034C3B162C47A52A00913D57 /* game - music 1.wav */,
				034C3B182C47A52A00913D57 /* game - music 2.wav */,
				034C3B152C47A52A00913D57 /* high.wav */,
				034C3B192C47A52A00913D57 /* low.wav */,
				034C3B132C47A52A00913D57 /* medium.wav */,
				034C3B122C47A52A00913D57 /* scratch.wav */,
				034C3B172C47A52A00913D57 /* The Penguin God.wav */,
			);
			path = Sounds;
			sourceTree = "<group>";
		};
		034C3B0F2C479EA700913D57 /* Art */ = {
			isa = PBXGroup;
			children = (
				0307D6952C4F2F700096CEEF /* BackgroundFishSpriteSheet.png */,
				0307D6922C4CEF830096CEEF /* StarfishSpriteSheet.png */,
				034C3B312C4B1E8800913D57 /* RelicArt.png */,
				034C3B322C4B1E8800913D57 /* StarfishRightRoll.png */,
				03F0613A2C506C0000375EAF /* TileSpritesheet.png */,
				034C3B252C47B40500913D57 /* ButtonBackground.png */,
				034C3B102C47A51500913D57 /* Starfish.png */,
			);
			path = Art;
			sourceTree = "<group>";
		};
		03F061412C50EEFB00375EAF /* Other */ = {
			isa = PBXGroup;
			children = (
				03F061442C50F00C00375EAF /* File */,
			);
			path = Other;
			sourceTree = "<group>";
		};
/* End PBXGroup section */

/* Begin PBXNativeTarget section */
		032362B92C474BC000AD351B /* CSDL */ = {
			isa = PBXNativeTarget;
			buildConfigurationList = 032362CA2C474BC100AD351B /* Build configuration list for PBXNativeTarget "CSDL" */;
			buildPhases = (
				032362B62C474BC000AD351B /* Sources */,
				032362B72C474BC000AD351B /* Frameworks */,
				032362B82C474BC000AD351B /* Resources */,
				032362EB2C474CE800AD351B /* Embed Frameworks */,
			);
			buildRules = (
			);
			dependencies = (
			);
			name = CSDL;
			productName = CSDL;
			productReference = 032362BA2C474BC000AD351B /* CSDL.app */;
			productType = "com.apple.product-type.application";
		};
/* End PBXNativeTarget section */

/* Begin PBXProject section */
		032362B22C474BC000AD351B /* Project object */ = {
			isa = PBXProject;
			attributes = {
				BuildIndependentTargetsInParallel = 1;
				LastUpgradeCheck = 1540;
				TargetAttributes = {
					032362B92C474BC000AD351B = {
						CreatedOnToolsVersion = 15.4;
					};
				};
			};
			buildConfigurationList = 032362B52C474BC000AD351B /* Build configuration list for PBXProject "CSDL" */;
			compatibilityVersion = "Xcode 14.0";
			developmentRegion = en;
			hasScannedForEncodings = 0;
			knownRegions = (
				en,
				Base,
			);
			mainGroup = 032362B12C474BC000AD351B;
			productRefGroup = 032362BB2C474BC000AD351B /* Products */;
			projectDirPath = "";
			projectRoot = "";
			targets = (
				032362B92C474BC000AD351B /* CSDL */,
			);
		};
/* End PBXProject section */

/* Begin PBXResourcesBuildPhase section */
		032362B82C474BC000AD351B /* Resources */ = {
			isa = PBXResourcesBuildPhase;
			buildActionMask = 2147483647;
			files = (
				034C3B1F2C47A52A00913D57 /* The Penguin God.wav in Resources */,
				034C3B212C47A52A00913D57 /* low.wav in Resources */,
				034C3B1D2C47A52A00913D57 /* high.wav in Resources */,
				034C3B342C4B1E8800913D57 /* StarfishRightRoll.png in Resources */,
				03F0613B2C506C0000375EAF /* TileSpritesheet.png in Resources */,
				034C3B262C47B40500913D57 /* ButtonBackground.png in Resources */,
				034C3B1E2C47A52A00913D57 /* game - music 1.wav in Resources */,
				0307D6932C4CEF830096CEEF /* StarfishSpriteSheet.png in Resources */,
				03F0614B2C50F13300375EAF /* map.txt in Resources */,
				03F061452C50F00C00375EAF /* File in Resources */,
				0307D6962C4F2F700096CEEF /* BackgroundFishSpriteSheet.png in Resources */,
				034C3B1C2C47A52A00913D57 /* beat.wav in Resources */,
				032362C12C474BC100AD351B /* Assets.xcassets in Resources */,
				034C3B1A2C47A52A00913D57 /* scratch.wav in Resources */,
				034C3B112C47A51500913D57 /* Starfish.png in Resources */,
				034C3B332C4B1E8800913D57 /* RelicArt.png in Resources */,
				034C3B202C47A52A00913D57 /* game - music 2.wav in Resources */,
				034C3B1B2C47A52A00913D57 /* medium.wav in Resources */,
			);
			runOnlyForDeploymentPostprocessing = 0;
		};
/* End PBXResourcesBuildPhase section */

/* Begin PBXSourcesBuildPhase section */
		032362B62C474BC000AD351B /* Sources */ = {
			isa = PBXSourcesBuildPhase;
			buildActionMask = 2147483647;
			files = (
				0307D6992C4F2FAD0096CEEF /* BackgroundEntity.c in Sources */,
				034C3B2C2C486A3B00913D57 /* Entity.c in Sources */,
				032362CF2C474BE800AD351B /* main.c in Sources */,
				034C3B2F2C4AF74B00913D57 /* Camera.c in Sources */,
				034C3B292C48494100913D57 /* Timer.c in Sources */,
				034C3B242C47A7B500913D57 /* Button.c in Sources */,
				03F0613E2C50704700375EAF /* Tilemap.c in Sources */,
				034C3B0D2C47981A00913D57 /* Texture.c in Sources */,
			);
			runOnlyForDeploymentPostprocessing = 0;
		};
/* End PBXSourcesBuildPhase section */

/* Begin XCBuildConfiguration section */
		032362C82C474BC100AD351B /* Debug */ = {
			isa = XCBuildConfiguration;
			buildSettings = {
				ALWAYS_SEARCH_USER_PATHS = NO;
				ASSETCATALOG_COMPILER_GENERATE_SWIFT_ASSET_SYMBOL_EXTENSIONS = YES;
				CLANG_ANALYZER_NONNULL = YES;
				CLANG_ANALYZER_NUMBER_OBJECT_CONVERSION = YES_AGGRESSIVE;
				CLANG_CXX_LANGUAGE_STANDARD = "gnu++20";
				CLANG_ENABLE_MODULES = YES;
				CLANG_ENABLE_OBJC_ARC = YES;
				CLANG_ENABLE_OBJC_WEAK = YES;
				CLANG_WARN_BLOCK_CAPTURE_AUTORELEASING = YES;
				CLANG_WARN_BOOL_CONVERSION = YES;
				CLANG_WARN_COMMA = YES;
				CLANG_WARN_CONSTANT_CONVERSION = YES;
				CLANG_WARN_DEPRECATED_OBJC_IMPLEMENTATIONS = YES;
				CLANG_WARN_DIRECT_OBJC_ISA_USAGE = YES_ERROR;
				CLANG_WARN_DOCUMENTATION_COMMENTS = YES;
				CLANG_WARN_EMPTY_BODY = YES;
				CLANG_WARN_ENUM_CONVERSION = YES;
				CLANG_WARN_INFINITE_RECURSION = YES;
				CLANG_WARN_INT_CONVERSION = YES;
				CLANG_WARN_NON_LITERAL_NULL_CONVERSION = YES;
				CLANG_WARN_OBJC_IMPLICIT_RETAIN_SELF = YES;
				CLANG_WARN_OBJC_LITERAL_CONVERSION = YES;
				CLANG_WARN_OBJC_ROOT_CLASS = YES_ERROR;
				CLANG_WARN_QUOTED_INCLUDE_IN_FRAMEWORK_HEADER = YES;
				CLANG_WARN_RANGE_LOOP_ANALYSIS = YES;
				CLANG_WARN_STRICT_PROTOTYPES = YES;
				CLANG_WARN_SUSPICIOUS_MOVE = YES;
				CLANG_WARN_UNGUARDED_AVAILABILITY = YES_AGGRESSIVE;
				CLANG_WARN_UNREACHABLE_CODE = YES;
				CLANG_WARN__DUPLICATE_METHOD_MATCH = YES;
				COPY_PHASE_STRIP = NO;
				DEBUG_INFORMATION_FORMAT = dwarf;
				ENABLE_STRICT_OBJC_MSGSEND = YES;
				ENABLE_TESTABILITY = YES;
				ENABLE_USER_SCRIPT_SANDBOXING = YES;
				GCC_C_LANGUAGE_STANDARD = gnu17;
				GCC_DYNAMIC_NO_PIC = NO;
				GCC_NO_COMMON_BLOCKS = YES;
				GCC_OPTIMIZATION_LEVEL = 0;
				GCC_PREPROCESSOR_DEFINITIONS = (
					"DEBUG=1",
					"$(inherited)",
				);
				GCC_WARN_64_TO_32_BIT_CONVERSION = YES;
				GCC_WARN_ABOUT_RETURN_TYPE = YES_ERROR;
				GCC_WARN_UNDECLARED_SELECTOR = YES;
				GCC_WARN_UNINITIALIZED_AUTOS = YES_AGGRESSIVE;
				GCC_WARN_UNUSED_FUNCTION = YES;
				GCC_WARN_UNUSED_VARIABLE = YES;
				LOCALIZATION_PREFERS_STRING_CATALOGS = YES;
				MACOSX_DEPLOYMENT_TARGET = 14.5;
				MTL_ENABLE_DEBUG_INFO = INCLUDE_SOURCE;
				MTL_FAST_MATH = YES;
				ONLY_ACTIVE_ARCH = YES;
				SDKROOT = macosx;
			};
			name = Debug;
		};
		032362C92C474BC100AD351B /* Release */ = {
			isa = XCBuildConfiguration;
			buildSettings = {
				ALWAYS_SEARCH_USER_PATHS = NO;
				ASSETCATALOG_COMPILER_GENERATE_SWIFT_ASSET_SYMBOL_EXTENSIONS = YES;
				CLANG_ANALYZER_NONNULL = YES;
				CLANG_ANALYZER_NUMBER_OBJECT_CONVERSION = YES_AGGRESSIVE;
				CLANG_CXX_LANGUAGE_STANDARD = "gnu++20";
				CLANG_ENABLE_MODULES = YES;
				CLANG_ENABLE_OBJC_ARC = YES;
				CLANG_ENABLE_OBJC_WEAK = YES;
				CLANG_WARN_BLOCK_CAPTURE_AUTORELEASING = YES;
				CLANG_WARN_BOOL_CONVERSION = YES;
				CLANG_WARN_COMMA = YES;
				CLANG_WARN_CONSTANT_CONVERSION = YES;
				CLANG_WARN_DEPRECATED_OBJC_IMPLEMENTATIONS = YES;
				CLANG_WARN_DIRECT_OBJC_ISA_USAGE = YES_ERROR;
				CLANG_WARN_DOCUMENTATION_COMMENTS = YES;
				CLANG_WARN_EMPTY_BODY = YES;
				CLANG_WARN_ENUM_CONVERSION = YES;
				CLANG_WARN_INFINITE_RECURSION = YES;
				CLANG_WARN_INT_CONVERSION = YES;
				CLANG_WARN_NON_LITERAL_NULL_CONVERSION = YES;
				CLANG_WARN_OBJC_IMPLICIT_RETAIN_SELF = YES;
				CLANG_WARN_OBJC_LITERAL_CONVERSION = YES;
				CLANG_WARN_OBJC_ROOT_CLASS = YES_ERROR;
				CLANG_WARN_QUOTED_INCLUDE_IN_FRAMEWORK_HEADER = YES;
				CLANG_WARN_RANGE_LOOP_ANALYSIS = YES;
				CLANG_WARN_STRICT_PROTOTYPES = YES;
				CLANG_WARN_SUSPICIOUS_MOVE = YES;
				CLANG_WARN_UNGUARDED_AVAILABILITY = YES_AGGRESSIVE;
				CLANG_WARN_UNREACHABLE_CODE = YES;
				CLANG_WARN__DUPLICATE_METHOD_MATCH = YES;
				COPY_PHASE_STRIP = NO;
				DEBUG_INFORMATION_FORMAT = "dwarf-with-dsym";
				ENABLE_NS_ASSERTIONS = NO;
				ENABLE_STRICT_OBJC_MSGSEND = YES;
				ENABLE_USER_SCRIPT_SANDBOXING = YES;
				GCC_C_LANGUAGE_STANDARD = gnu17;
				GCC_NO_COMMON_BLOCKS = YES;
				GCC_WARN_64_TO_32_BIT_CONVERSION = YES;
				GCC_WARN_ABOUT_RETURN_TYPE = YES_ERROR;
				GCC_WARN_UNDECLARED_SELECTOR = YES;
				GCC_WARN_UNINITIALIZED_AUTOS = YES_AGGRESSIVE;
				GCC_WARN_UNUSED_FUNCTION = YES;
				GCC_WARN_UNUSED_VARIABLE = YES;
				LOCALIZATION_PREFERS_STRING_CATALOGS = YES;
				MACOSX_DEPLOYMENT_TARGET = 14.5;
				MTL_ENABLE_DEBUG_INFO = NO;
				MTL_FAST_MATH = YES;
				SDKROOT = macosx;
			};
			name = Release;
		};
		032362CB2C474BC100AD351B /* Debug */ = {
			isa = XCBuildConfiguration;
			buildSettings = {
				ASSETCATALOG_COMPILER_APPICON_NAME = AppIcon;
				ASSETCATALOG_COMPILER_GLOBAL_ACCENT_COLOR_NAME = AccentColor;
				CODE_SIGN_IDENTITY = "";
				CODE_SIGN_STYLE = Automatic;
				COMBINE_HIDPI_IMAGES = YES;
				CURRENT_PROJECT_VERSION = 1;
				DEVELOPMENT_TEAM = QZXG9JL6YR;
				ENABLE_HARDENED_RUNTIME = YES;
				FRAMEWORK_SEARCH_PATHS = (
					"$(inherited)",
					"$(PROJECT_DIR)",
				);
				GENERATE_INFOPLIST_FILE = YES;
				INFOPLIST_KEY_LSApplicationCategoryType = "public.app-category.games";
				INFOPLIST_KEY_NSHumanReadableCopyright = "";
				INFOPLIST_KEY_NSMainNibFile = MainMenu;
				INFOPLIST_KEY_NSPrincipalClass = NSApplication;
				LD_RUNPATH_SEARCH_PATHS = (
					"$(inherited)",
					"@executable_path/../Frameworks",
				);
				MARKETING_VERSION = 1.0;
				PRODUCT_BUNDLE_IDENTIFIER = erik.CSDL;
				PRODUCT_NAME = "$(TARGET_NAME)";
				SWIFT_EMIT_LOC_STRINGS = YES;
			};
			name = Debug;
		};
		032362CC2C474BC100AD351B /* Release */ = {
			isa = XCBuildConfiguration;
			buildSettings = {
				ASSETCATALOG_COMPILER_APPICON_NAME = AppIcon;
				ASSETCATALOG_COMPILER_GLOBAL_ACCENT_COLOR_NAME = AccentColor;
				CODE_SIGN_IDENTITY = "";
				CODE_SIGN_STYLE = Automatic;
				COMBINE_HIDPI_IMAGES = YES;
				CURRENT_PROJECT_VERSION = 1;
				DEVELOPMENT_TEAM = QZXG9JL6YR;
				ENABLE_HARDENED_RUNTIME = YES;
				FRAMEWORK_SEARCH_PATHS = (
					"$(inherited)",
					"$(PROJECT_DIR)",
				);
				GENERATE_INFOPLIST_FILE = YES;
				INFOPLIST_KEY_LSApplicationCategoryType = "public.app-category.games";
				INFOPLIST_KEY_NSHumanReadableCopyright = "";
				INFOPLIST_KEY_NSMainNibFile = MainMenu;
				INFOPLIST_KEY_NSPrincipalClass = NSApplication;
				LD_RUNPATH_SEARCH_PATHS = (
					"$(inherited)",
					"@executable_path/../Frameworks",
				);
				MARKETING_VERSION = 1.0;
				PRODUCT_BUNDLE_IDENTIFIER = erik.CSDL;
				PRODUCT_NAME = "$(TARGET_NAME)";
				SWIFT_EMIT_LOC_STRINGS = YES;
			};
			name = Release;
		};
/* End XCBuildConfiguration section */

/* Begin XCConfigurationList section */
		032362B52C474BC000AD351B /* Build configuration list for PBXProject "CSDL" */ = {
			isa = XCConfigurationList;
			buildConfigurations = (
				032362C82C474BC100AD351B /* Debug */,
				032362C92C474BC100AD351B /* Release */,
			);
			defaultConfigurationIsVisible = 0;
			defaultConfigurationName = Release;
		};
		032362CA2C474BC100AD351B /* Build configuration list for PBXNativeTarget "CSDL" */ = {
			isa = XCConfigurationList;
			buildConfigurations = (
				032362CB2C474BC100AD351B /* Debug */,
				032362CC2C474BC100AD351B /* Release */,
			);
			defaultConfigurationIsVisible = 0;
			defaultConfigurationName = Release;
		};
/* End XCConfigurationList section */
	};
	rootObject = 032362B22C474BC000AD351B /* Project object */;
}
